
Microsoft Visual Studio Solution File, Format Version 12.00
# Visual Studio Version 16
VisualStudioVersion = 16.0.29201.188
MinimumVisualStudioVersion = 10.0.40219.1
Project("{FAE04EC0-301F-11D3-BF4B-00C04F79EFBC}") = "Lanchonete", "Lanchonete\Lanchonete.csproj", "{B6D4F9D7-70D8-4807-A065-BC860ED2AFCD}"
EndProject
Global
	GlobalSection(SolutionConfigurationPlatforms) = preSolution
		Debug|Any CPU = Debug|Any CPU
		Release|Any CPU = Release|Any CPU
	EndGlobalSection
	GlobalSection(ProjectConfigurationPlatforms) = postSolution
		{B6D4F9D7-70D8-4807-A065-BC860ED2AFCD}.Debug|Any CPU.ActiveCfg = Debug|Any CPU
		{B6D4F9D7-70D8-4807-A065-BC860ED2AFCD}.Debug|Any CPU.Build.0 = Debug|Any CPU
		{B6D4F9D7-70D8-4807-A065-BC860ED2AFCD}.Release|Any CPU.ActiveCfg = Release|Any CPU
		{B6D4F9D7-70D8-4807-A065-BC860ED2AFCD}.Release|Any CPU.Build.0 = Release|Any CPU
	EndGlobalSection
	GlobalSection(SolutionProperties) = preSolution
		HideSolutionNode = FALSE
	EndGlobalSection
	GlobalSection(ExtensibilityGlobals) = postSolution
		SolutionGuid = {483B682D-42E9-4794-87AC-CD36803A2200}
	EndGlobalSection
EndGlobal
